
Microsoft Visual Studio Solution File, Format Version 12.00
# Visual Studio Version 17
VisualStudioVersion = 17.13.35806.99 d17.13
MinimumVisualStudioVersion = 10.0.40219.1
Project("{FAE04EC0-301F-11D3-BF4B-00C04F79EFBC}") = "Task01", "Task01\Task01.csproj", "{C9580519-D759-4571-8354-49B040711561}"
EndProject
Project("{FAE04EC0-301F-11D3-BF4B-00C04F79EFBC}") = "Task02", "Task02\Task02.csproj", "{2F1BFCCA-6453-436C-8641-3A6FB6B22B06}"
EndProject
Project("{FAE04EC0-301F-11D3-BF4B-00C04F79EFBC}") = "Task03", "Task03\Task03.csproj", "{7A37CDA9-124B-40BC-82F6-3799CEB003A4}"
EndProject
Global
	GlobalSection(SolutionConfigurationPlatforms) = preSolution
		Debug|Any CPU = Debug|Any CPU
		Release|Any CPU = Release|Any CPU
	EndGlobalSection
	GlobalSection(ProjectConfigurationPlatforms) = postSolution
		{C9580519-D759-4571-8354-49B040711561}.Debug|Any CPU.ActiveCfg = Debug|Any CPU
		{C9580519-D759-4571-8354-49B040711561}.Debug|Any CPU.Build.0 = Debug|Any CPU
		{C9580519-D759-4571-8354-49B040711561}.Release|Any CPU.ActiveCfg = Release|Any CPU
		{C9580519-D759-4571-8354-49B040711561}.Release|Any CPU.Build.0 = Release|Any CPU
		{2F1BFCCA-6453-436C-8641-3A6FB6B22B06}.Debug|Any CPU.ActiveCfg = Debug|Any CPU
		{2F1BFCCA-6453-436C-8641-3A6FB6B22B06}.Debug|Any CPU.Build.0 = Debug|Any CPU
		{2F1BFCCA-6453-436C-8641-3A6FB6B22B06}.Release|Any CPU.ActiveCfg = Release|Any CPU
		{2F1BFCCA-6453-436C-8641-3A6FB6B22B06}.Release|Any CPU.Build.0 = Release|Any CPU
		{7A37CDA9-124B-40BC-82F6-3799CEB003A4}.Debug|Any CPU.ActiveCfg = Debug|Any CPU
		{7A37CDA9-124B-40BC-82F6-3799CEB003A4}.Debug|Any CPU.Build.0 = Debug|Any CPU
		{7A37CDA9-124B-40BC-82F6-3799CEB003A4}.Release|Any CPU.ActiveCfg = Release|Any CPU
		{7A37CDA9-124B-40BC-82F6-3799CEB003A4}.Release|Any CPU.Build.0 = Release|Any CPU
	EndGlobalSection
	GlobalSection(SolutionProperties) = preSolution
		HideSolutionNode = FALSE
	EndGlobalSection
	GlobalSection(ExtensibilityGlobals) = postSolution
		SolutionGuid = {6BFE7C41-A7D1-4FEB-826D-1C6AEB0E7DFC}
	EndGlobalSection
EndGlobal
